// !$*UTF8*$!
{
	archiveVersion = 1;
	classes = {
	};
	objectVersion = 56;
	objects = {

/* Begin PBXBuildFile section */
		5C69B9032C5D3A4800E52DE4 /* MindBoost_AppApp.swift in Sources */ = {isa = PBXBuildFile; fileRef = 5C69B9022C5D3A4800E52DE4 /* MindBoost_AppApp.swift */; };
		5C69B9052C5D3A4800E52DE4 /* ContentView.swift in Sources */ = {isa = PBXBuildFile; fileRef = 5C69B9042C5D3A4800E52DE4 /* ContentView.swift */; };
		5C69B9072C5D3A4900E52DE4 /* Assets.xcassets in Resources */ = {isa = PBXBuildFile; fileRef = 5C69B9062C5D3A4900E52DE4 /* Assets.xcassets */; };
		5C69B90B2C5D3A4900E52DE4 /* Preview Assets.xcassets in Resources */ = {isa = PBXBuildFile; fileRef = 5C69B90A2C5D3A4900E52DE4 /* Preview Assets.xcassets */; };
		5C69B9152C5D3A4900E52DE4 /* MindBoost_AppTests.swift in Sources */ = {isa = PBXBuildFile; fileRef = 5C69B9142C5D3A4900E52DE4 /* MindBoost_AppTests.swift */; };
		5C69B91F2C5D3A4900E52DE4 /* MindBoost_AppUITests.swift in Sources */ = {isa = PBXBuildFile; fileRef = 5C69B91E2C5D3A4900E52DE4 /* MindBoost_AppUITests.swift */; };
		5C69B9212C5D3A4900E52DE4 /* MindBoost_AppUITestsLaunchTests.swift in Sources */ = {isa = PBXBuildFile; fileRef = 5C69B9202C5D3A4900E52DE4 /* MindBoost_AppUITestsLaunchTests.swift */; };
		5C69B92E2C5D3E0900E52DE4 /* DataManagerProtocol.swift in Sources */ = {isa = PBXBuildFile; fileRef = 5C69B92D2C5D3E0900E52DE4 /* DataManagerProtocol.swift */; };
		5C69B92F2C5D3E4500E52DE4 /* Pods_MindBoost_App.framework in Frameworks */ = {isa = PBXBuildFile; fileRef = CBE238543DD0A50A4B2D90BF /* Pods_MindBoost_App.framework */; };
		5C69B9302C5D3E4500E52DE4 /* Pods_MindBoost_App.framework in Embed Frameworks */ = {isa = PBXBuildFile; fileRef = CBE238543DD0A50A4B2D90BF /* Pods_MindBoost_App.framework */; settings = {ATTRIBUTES = (CodeSignOnCopy, RemoveHeadersOnCopy, ); }; };
		DF32EAFAE6F10FE146B2CEB5 /* Pods_MindBoost_App_MindBoost_AppUITests.framework in Frameworks */ = {isa = PBXBuildFile; fileRef = 94474D2A43F954F70EE01A94 /* Pods_MindBoost_App_MindBoost_AppUITests.framework */; };
		F06FA47DE5E74D65756D5878 /* Pods_MindBoost_AppTests.framework in Frameworks */ = {isa = PBXBuildFile; fileRef = E74519D6EB6573BAF46EFB21 /* Pods_MindBoost_AppTests.framework */; };
/* End PBXBuildFile section */

/* Begin PBXContainerItemProxy section */
		5C69B9112C5D3A4900E52DE4 /* PBXContainerItemProxy */ = {
			isa = PBXContainerItemProxy;
			containerPortal = 5C69B8F72C5D3A4800E52DE4 /* Project object */;
			proxyType = 1;
			remoteGlobalIDString = 5C69B8FE2C5D3A4800E52DE4;
			remoteInfo = MindBoost_App;
		};
		5C69B91B2C5D3A4900E52DE4 /* PBXContainerItemProxy */ = {
			isa = PBXContainerItemProxy;
			containerPortal = 5C69B8F72C5D3A4800E52DE4 /* Project object */;
			proxyType = 1;
			remoteGlobalIDString = 5C69B8FE2C5D3A4800E52DE4;
			remoteInfo = MindBoost_App;
		};
/* End PBXContainerItemProxy section */

/* Begin PBXCopyFilesBuildPhase section */
		5C69B9312C5D3E4500E52DE4 /* Embed Frameworks */ = {
			isa = PBXCopyFilesBuildPhase;
			buildActionMask = 2147483647;
			dstPath = "";
			dstSubfolderSpec = 10;
			files = (
				5C69B9302C5D3E4500E52DE4 /* Pods_MindBoost_App.framework in Embed Frameworks */,
			);
			name = "Embed Frameworks";
			runOnlyForDeploymentPostprocessing = 0;
		};
/* End PBXCopyFilesBuildPhase section */

/* Begin PBXFileReference section */
		0593B016BE7AFE9B4533A85F /* Pods-MindBoost_App-MindBoost_AppUITests.debug.xcconfig */ = {isa = PBXFileReference; includeInIndex = 1; lastKnownFileType = text.xcconfig; name = "Pods-MindBoost_App-MindBoost_AppUITests.debug.xcconfig"; path = "Target Support Files/Pods-MindBoost_App-MindBoost_AppUITests/Pods-MindBoost_App-MindBoost_AppUITests.debug.xcconfig"; sourceTree = "<group>"; };
		46B06AD4F9F0AECA0A662B23 /* Pods-MindBoost_App-MindBoost_AppUITests.release.xcconfig */ = {isa = PBXFileReference; includeInIndex = 1; lastKnownFileType = text.xcconfig; name = "Pods-MindBoost_App-MindBoost_AppUITests.release.xcconfig"; path = "Target Support Files/Pods-MindBoost_App-MindBoost_AppUITests/Pods-MindBoost_App-MindBoost_AppUITests.release.xcconfig"; sourceTree = "<group>"; };
		5C69B8FF2C5D3A4800E52DE4 /* MindBoost_App.app */ = {isa = PBXFileReference; explicitFileType = wrapper.application; includeInIndex = 0; path = MindBoost_App.app; sourceTree = BUILT_PRODUCTS_DIR; };
		5C69B9022C5D3A4800E52DE4 /* MindBoost_AppApp.swift */ = {isa = PBXFileReference; lastKnownFileType = sourcecode.swift; path = MindBoost_AppApp.swift; sourceTree = "<group>"; };
		5C69B9042C5D3A4800E52DE4 /* ContentView.swift */ = {isa = PBXFileReference; lastKnownFileType = sourcecode.swift; path = ContentView.swift; sourceTree = "<group>"; };
		5C69B9062C5D3A4900E52DE4 /* Assets.xcassets */ = {isa = PBXFileReference; lastKnownFileType = folder.assetcatalog; path = Assets.xcassets; sourceTree = "<group>"; };
		5C69B9082C5D3A4900E52DE4 /* MindBoost_App.entitlements */ = {isa = PBXFileReference; lastKnownFileType = text.plist.entitlements; path = MindBoost_App.entitlements; sourceTree = "<group>"; };
		5C69B90A2C5D3A4900E52DE4 /* Preview Assets.xcassets */ = {isa = PBXFileReference; lastKnownFileType = folder.assetcatalog; path = "Preview Assets.xcassets"; sourceTree = "<group>"; };
		5C69B9102C5D3A4900E52DE4 /* MindBoost_AppTests.xctest */ = {isa = PBXFileReference; explicitFileType = wrapper.cfbundle; includeInIndex = 0; path = MindBoost_AppTests.xctest; sourceTree = BUILT_PRODUCTS_DIR; };
		5C69B9142C5D3A4900E52DE4 /* MindBoost_AppTests.swift */ = {isa = PBXFileReference; lastKnownFileType = sourcecode.swift; path = MindBoost_AppTests.swift; sourceTree = "<group>"; };
		5C69B91A2C5D3A4900E52DE4 /* MindBoost_AppUITests.xctest */ = {isa = PBXFileReference; explicitFileType = wrapper.cfbundle; includeInIndex = 0; path = MindBoost_AppUITests.xctest; sourceTree = BUILT_PRODUCTS_DIR; };
		5C69B91E2C5D3A4900E52DE4 /* MindBoost_AppUITests.swift */ = {isa = PBXFileReference; lastKnownFileType = sourcecode.swift; path = MindBoost_AppUITests.swift; sourceTree = "<group>"; };
		5C69B9202C5D3A4900E52DE4 /* MindBoost_AppUITestsLaunchTests.swift */ = {isa = PBXFileReference; lastKnownFileType = sourcecode.swift; path = MindBoost_AppUITestsLaunchTests.swift; sourceTree = "<group>"; };
		5C69B92D2C5D3E0900E52DE4 /* DataManagerProtocol.swift */ = {isa = PBXFileReference; lastKnownFileType = sourcecode.swift; path = DataManagerProtocol.swift; sourceTree = "<group>"; };
		72F8E205100DCB2B580E94C4 /* Pods-MindBoost_App.debug.xcconfig */ = {isa = PBXFileReference; includeInIndex = 1; lastKnownFileType = text.xcconfig; name = "Pods-MindBoost_App.debug.xcconfig"; path = "Target Support Files/Pods-MindBoost_App/Pods-MindBoost_App.debug.xcconfig"; sourceTree = "<group>"; };
		94474D2A43F954F70EE01A94 /* Pods_MindBoost_App_MindBoost_AppUITests.framework */ = {isa = PBXFileReference; explicitFileType = wrapper.framework; includeInIndex = 0; path = Pods_MindBoost_App_MindBoost_AppUITests.framework; sourceTree = BUILT_PRODUCTS_DIR; };
		AC0D4646D9C459FB6C626BC5 /* Pods-MindBoost_AppTests.debug.xcconfig */ = {isa = PBXFileReference; includeInIndex = 1; lastKnownFileType = text.xcconfig; name = "Pods-MindBoost_AppTests.debug.xcconfig"; path = "Target Support Files/Pods-MindBoost_AppTests/Pods-MindBoost_AppTests.debug.xcconfig"; sourceTree = "<group>"; };
		CBE238543DD0A50A4B2D90BF /* Pods_MindBoost_App.framework */ = {isa = PBXFileReference; explicitFileType = wrapper.framework; includeInIndex = 0; path = Pods_MindBoost_App.framework; sourceTree = BUILT_PRODUCTS_DIR; };
		D1691844AA309654111C3308 /* Pods-MindBoost_AppTests.release.xcconfig */ = {isa = PBXFileReference; includeInIndex = 1; lastKnownFileType = text.xcconfig; name = "Pods-MindBoost_AppTests.release.xcconfig"; path = "Target Support Files/Pods-MindBoost_AppTests/Pods-MindBoost_AppTests.release.xcconfig"; sourceTree = "<group>"; };
		D427CA0B6473699AFC3FD3C5 /* Pods-MindBoost_App.release.xcconfig */ = {isa = PBXFileReference; includeInIndex = 1; lastKnownFileType = text.xcconfig; name = "Pods-MindBoost_App.release.xcconfig"; path = "Target Support Files/Pods-MindBoost_App/Pods-MindBoost_App.release.xcconfig"; sourceTree = "<group>"; };
		E74519D6EB6573BAF46EFB21 /* Pods_MindBoost_AppTests.framework */ = {isa = PBXFileReference; explicitFileType = wrapper.framework; includeInIndex = 0; path = Pods_MindBoost_AppTests.framework; sourceTree = BUILT_PRODUCTS_DIR; };
/* End PBXFileReference section */

/* Begin PBXFrameworksBuildPhase section */
		5C69B8FC2C5D3A4800E52DE4 /* Frameworks */ = {
			isa = PBXFrameworksBuildPhase;
			buildActionMask = 2147483647;
			files = (
				5C69B92F2C5D3E4500E52DE4 /* Pods_MindBoost_App.framework in Frameworks */,
			);
			runOnlyForDeploymentPostprocessing = 0;
		};
		5C69B90D2C5D3A4900E52DE4 /* Frameworks */ = {
			isa = PBXFrameworksBuildPhase;
			buildActionMask = 2147483647;
			files = (
				F06FA47DE5E74D65756D5878 /* Pods_MindBoost_AppTests.framework in Frameworks */,
			);
			runOnlyForDeploymentPostprocessing = 0;
		};
		5C69B9172C5D3A4900E52DE4 /* Frameworks */ = {
			isa = PBXFrameworksBuildPhase;
			buildActionMask = 2147483647;
			files = (
				DF32EAFAE6F10FE146B2CEB5 /* Pods_MindBoost_App_MindBoost_AppUITests.framework in Frameworks */,
			);
			runOnlyForDeploymentPostprocessing = 0;
		};
/* End PBXFrameworksBuildPhase section */

/* Begin PBXGroup section */
		49E4722672EF6FD441147F6B /* Frameworks */ = {
			isa = PBXGroup;
			children = (
				CBE238543DD0A50A4B2D90BF /* Pods_MindBoost_App.framework */,
				94474D2A43F954F70EE01A94 /* Pods_MindBoost_App_MindBoost_AppUITests.framework */,
				E74519D6EB6573BAF46EFB21 /* Pods_MindBoost_AppTests.framework */,
			);
			name = Frameworks;
			sourceTree = "<group>";
		};
		5C69B8F62C5D3A4800E52DE4 = {
			isa = PBXGroup;
			children = (
				5C69B9012C5D3A4800E52DE4 /* MindBoost_App */,
				5C69B9132C5D3A4900E52DE4 /* MindBoost_AppTests */,
				5C69B91D2C5D3A4900E52DE4 /* MindBoost_AppUITests */,
				5C69B9002C5D3A4800E52DE4 /* Products */,
				D050278C9EC59A5F535486EC /* Pods */,
				49E4722672EF6FD441147F6B /* Frameworks */,
			);
			sourceTree = "<group>";
		};
		5C69B9002C5D3A4800E52DE4 /* Products */ = {
			isa = PBXGroup;
			children = (
				5C69B8FF2C5D3A4800E52DE4 /* MindBoost_App.app */,
				5C69B9102C5D3A4900E52DE4 /* MindBoost_AppTests.xctest */,
				5C69B91A2C5D3A4900E52DE4 /* MindBoost_AppUITests.xctest */,
			);
			name = Products;
			sourceTree = "<group>";
		};
		5C69B9012C5D3A4800E52DE4 /* MindBoost_App */ = {
			isa = PBXGroup;
			children = (
				5C69B9022C5D3A4800E52DE4 /* MindBoost_AppApp.swift */,
				5C69B9042C5D3A4800E52DE4 /* ContentView.swift */,
				5C69B92D2C5D3E0900E52DE4 /* DataManagerProtocol.swift */,
				5C69B9062C5D3A4900E52DE4 /* Assets.xcassets */,
				5C69B9082C5D3A4900E52DE4 /* MindBoost_App.entitlements */,
				5C69B9092C5D3A4900E52DE4 /* Preview Content */,
			);
			path = MindBoost_App;
			sourceTree = "<group>";
		};
		5C69B9092C5D3A4900E52DE4 /* Preview Content */ = {
			isa = PBXGroup;
			children = (
				5C69B90A2C5D3A4900E52DE4 /* Preview Assets.xcassets */,
			);
			path = "Preview Content";
			sourceTree = "<group>";
		};
		5C69B9132C5D3A4900E52DE4 /* MindBoost_AppTests */ = {
			isa = PBXGroup;
			children = (
				5C69B9142C5D3A4900E52DE4 /* MindBoost_AppTests.swift */,
			);
			path = MindBoost_AppTests;
			sourceTree = "<group>";
		};
		5C69B91D2C5D3A4900E52DE4 /* MindBoost_AppUITests */ = {
			isa = PBXGroup;
			children = (
				5C69B91E2C5D3A4900E52DE4 /* MindBoost_AppUITests.swift */,
				5C69B9202C5D3A4900E52DE4 /* MindBoost_AppUITestsLaunchTests.swift */,
			);
			path = MindBoost_AppUITests;
			sourceTree = "<group>";
		};
		D050278C9EC59A5F535486EC /* Pods */ = {
			isa = PBXGroup;
			children = (
				72F8E205100DCB2B580E94C4 /* Pods-MindBoost_App.debug.xcconfig */,
				D427CA0B6473699AFC3FD3C5 /* Pods-MindBoost_App.release.xcconfig */,
				0593B016BE7AFE9B4533A85F /* Pods-MindBoost_App-MindBoost_AppUITests.debug.xcconfig */,
				46B06AD4F9F0AECA0A662B23 /* Pods-MindBoost_App-MindBoost_AppUITests.release.xcconfig */,
				AC0D4646D9C459FB6C626BC5 /* Pods-MindBoost_AppTests.debug.xcconfig */,
				D1691844AA309654111C3308 /* Pods-MindBoost_AppTests.release.xcconfig */,
			);
			path = Pods;
			sourceTree = "<group>";
		};
/* End PBXGroup section */

/* Begin PBXNativeTarget section */
		5C69B8FE2C5D3A4800E52DE4 /* MindBoost_App */ = {
			isa = PBXNativeTarget;
			buildConfigurationList = 5C69B9242C5D3A4900E52DE4 /* Build configuration list for PBXNativeTarget "MindBoost_App" */;
			buildPhases = (
				0293820824E9B75C3FAAFC46 /* [CP] Check Pods Manifest.lock */,
				5C69B8FB2C5D3A4800E52DE4 /* Sources */,
				5C69B8FC2C5D3A4800E52DE4 /* Frameworks */,
				5C69B8FD2C5D3A4800E52DE4 /* Resources */,
				AB243B7B748941D26FCF93DC /* [CP] Embed Pods Frameworks */,
				5C69B9312C5D3E4500E52DE4 /* Embed Frameworks */,
			);
			buildRules = (
			);
			dependencies = (
			);
			name = MindBoost_App;
			productName = MindBoost_App;
			productReference = 5C69B8FF2C5D3A4800E52DE4 /* MindBoost_App.app */;
			productType = "com.apple.product-type.application";
		};
		5C69B90F2C5D3A4900E52DE4 /* MindBoost_AppTests */ = {
			isa = PBXNativeTarget;
			buildConfigurationList = 5C69B9272C5D3A4900E52DE4 /* Build configuration list for PBXNativeTarget "MindBoost_AppTests" */;
			buildPhases = (
				FBE6BBBF793934E50EB1BE49 /* [CP] Check Pods Manifest.lock */,
				5C69B90C2C5D3A4900E52DE4 /* Sources */,
				5C69B90D2C5D3A4900E52DE4 /* Frameworks */,
				5C69B90E2C5D3A4900E52DE4 /* Resources */,
			);
			buildRules = (
			);
			dependencies = (
				5C69B9122C5D3A4900E52DE4 /* PBXTargetDependency */,
			);
			name = MindBoost_AppTests;
			productName = MindBoost_AppTests;
			productReference = 5C69B9102C5D3A4900E52DE4 /* MindBoost_AppTests.xctest */;
			productType = "com.apple.product-type.bundle.unit-test";
		};
		5C69B9192C5D3A4900E52DE4 /* MindBoost_AppUITests */ = {
			isa = PBXNativeTarget;
			buildConfigurationList = 5C69B92A2C5D3A4900E52DE4 /* Build configuration list for PBXNativeTarget "MindBoost_AppUITests" */;
			buildPhases = (
				1C2D56F812AEE222368A491D /* [CP] Check Pods Manifest.lock */,
				5C69B9162C5D3A4900E52DE4 /* Sources */,
				5C69B9172C5D3A4900E52DE4 /* Frameworks */,
				5C69B9182C5D3A4900E52DE4 /* Resources */,
				FCC6EE746754B77DF57B6D1E /* [CP] Embed Pods Frameworks */,
			);
			buildRules = (
			);
			dependencies = (
				5C69B91C2C5D3A4900E52DE4 /* PBXTargetDependency */,
			);
			name = MindBoost_AppUITests;
			productName = MindBoost_AppUITests;
			productReference = 5C69B91A2C5D3A4900E52DE4 /* MindBoost_AppUITests.xctest */;
			productType = "com.apple.product-type.bundle.ui-testing";
		};
/* End PBXNativeTarget section */

/* Begin PBXProject section */
		5C69B8F72C5D3A4800E52DE4 /* Project object */ = {
			isa = PBXProject;
			attributes = {
				BuildIndependentTargetsInParallel = 1;
				LastSwiftUpdateCheck = 1540;
				LastUpgradeCheck = 1540;
				TargetAttributes = {
					5C69B8FE2C5D3A4800E52DE4 = {
						CreatedOnToolsVersion = 15.4;
					};
					5C69B90F2C5D3A4900E52DE4 = {
						CreatedOnToolsVersion = 15.4;
						TestTargetID = 5C69B8FE2C5D3A4800E52DE4;
					};
					5C69B9192C5D3A4900E52DE4 = {
						CreatedOnToolsVersion = 15.4;
						TestTargetID = 5C69B8FE2C5D3A4800E52DE4;
					};
				};
			};
			buildConfigurationList = 5C69B8FA2C5D3A4800E52DE4 /* Build configuration list for PBXProject "MindBoost_App" */;
			compatibilityVersion = "Xcode 14.0";
			developmentRegion = en;
			hasScannedForEncodings = 0;
			knownRegions = (
				en,
				Base,
			);
			mainGroup = 5C69B8F62C5D3A4800E52DE4;
			productRefGroup = 5C69B9002C5D3A4800E52DE4 /* Products */;
			projectDirPath = "";
			projectRoot = "";
			targets = (
				5C69B8FE2C5D3A4800E52DE4 /* MindBoost_App */,
				5C69B90F2C5D3A4900E52DE4 /* MindBoost_AppTests */,
				5C69B9192C5D3A4900E52DE4 /* MindBoost_AppUITests */,
			);
		};
/* End PBXProject section */

/* Begin PBXResourcesBuildPhase section */
		5C69B8FD2C5D3A4800E52DE4 /* Resources */ = {
			isa = PBXResourcesBuildPhase;
			buildActionMask = 2147483647;
			files = (
				5C69B90B2C5D3A4900E52DE4 /* Preview Assets.xcassets in Resources */,
				5C69B9072C5D3A4900E52DE4 /* Assets.xcassets in Resources */,
			);
			runOnlyForDeploymentPostprocessing = 0;
		};
		5C69B90E2C5D3A4900E52DE4 /* Resources */ = {
			isa = PBXResourcesBuildPhase;
			buildActionMask = 2147483647;
			files = (
			);
			runOnlyForDeploymentPostprocessing = 0;
		};
		5C69B9182C5D3A4900E52DE4 /* Resources */ = {
			isa = PBXResourcesBuildPhase;
			buildActionMask = 2147483647;
			files = (
			);
			runOnlyForDeploymentPostprocessing = 0;
		};
/* End PBXResourcesBuildPhase section */

/* Begin PBXShellScriptBuildPhase section */
		0293820824E9B75C3FAAFC46 /* [CP] Check Pods Manifest.lock */ = {
			isa = PBXShellScriptBuildPhase;
			buildActionMask = 2147483647;
			files = (
			);
			inputFileListPaths = (
			);
			inputPaths = (
				"${PODS_PODFILE_DIR_PATH}/Podfile.lock",
				"${PODS_ROOT}/Manifest.lock",
			);
			name = "[CP] Check Pods Manifest.lock";
			outputFileListPaths = (
			);
			outputPaths = (
				"$(DERIVED_FILE_DIR)/Pods-MindBoost_App-checkManifestLockResult.txt",
			);
			runOnlyForDeploymentPostprocessing = 0;
			shellPath = /bin/sh;
			shellScript = "diff \"${PODS_PODFILE_DIR_PATH}/Podfile.lock\" \"${PODS_ROOT}/Manifest.lock\" > /dev/null\nif [ $? != 0 ] ; then\n    # print error to STDERR\n    echo \"error: The sandbox is not in sync with the Podfile.lock. Run 'pod install' or update your CocoaPods installation.\" >&2\n    exit 1\nfi\n# This output is used by Xcode 'outputs' to avoid re-running this script phase.\necho \"SUCCESS\" > \"${SCRIPT_OUTPUT_FILE_0}\"\n";
			showEnvVarsInLog = 0;
		};
		1C2D56F812AEE222368A491D /* [CP] Check Pods Manifest.lock */ = {
			isa = PBXShellScriptBuildPhase;
			buildActionMask = 2147483647;
			files = (
			);
			inputFileListPaths = (
			);
			inputPaths = (
				"${PODS_PODFILE_DIR_PATH}/Podfile.lock",
				"${PODS_ROOT}/Manifest.lock",
			);
			name = "[CP] Check Pods Manifest.lock";
			outputFileListPaths = (
			);
			outputPaths = (
				"$(DERIVED_FILE_DIR)/Pods-MindBoost_App-MindBoost_AppUITests-checkManifestLockResult.txt",
			);
			runOnlyForDeploymentPostprocessing = 0;
			shellPath = /bin/sh;
			shellScript = "diff \"${PODS_PODFILE_DIR_PATH}/Podfile.lock\" \"${PODS_ROOT}/Manifest.lock\" > /dev/null\nif [ $? != 0 ] ; then\n    # print error to STDERR\n    echo \"error: The sandbox is not in sync with the Podfile.lock. Run 'pod install' or update your CocoaPods installation.\" >&2\n    exit 1\nfi\n# This output is used by Xcode 'outputs' to avoid re-running this script phase.\necho \"SUCCESS\" > \"${SCRIPT_OUTPUT_FILE_0}\"\n";
			showEnvVarsInLog = 0;
		};
		AB243B7B748941D26FCF93DC /* [CP] Embed Pods Frameworks */ = {
			isa = PBXShellScriptBuildPhase;
			buildActionMask = 2147483647;
			files = (
			);
			inputFileListPaths = (
				"${PODS_ROOT}/Target Support Files/Pods-MindBoost_App/Pods-MindBoost_App-frameworks-${CONFIGURATION}-input-files.xcfilelist",
			);
			name = "[CP] Embed Pods Frameworks";
			outputFileListPaths = (
				"${PODS_ROOT}/Target Support Files/Pods-MindBoost_App/Pods-MindBoost_App-frameworks-${CONFIGURATION}-output-files.xcfilelist",
			);
			runOnlyForDeploymentPostprocessing = 0;
			shellPath = /bin/sh;
			shellScript = "\"${PODS_ROOT}/Target Support Files/Pods-MindBoost_App/Pods-MindBoost_App-frameworks.sh\"\n";
			showEnvVarsInLog = 0;
		};
		FBE6BBBF793934E50EB1BE49 /* [CP] Check Pods Manifest.lock */ = {
			isa = PBXShellScriptBuildPhase;
			buildActionMask = 2147483647;
			files = (
			);
			inputFileListPaths = (
			);
			inputPaths = (
				"${PODS_PODFILE_DIR_PATH}/Podfile.lock",
				"${PODS_ROOT}/Manifest.lock",
			);
			name = "[CP] Check Pods Manifest.lock";
			outputFileListPaths = (
			);
			outputPaths = (
				"$(DERIVED_FILE_DIR)/Pods-MindBoost_AppTests-checkManifestLockResult.txt",
			);
			runOnlyForDeploymentPostprocessing = 0;
			shellPath = /bin/sh;
			shellScript = "diff \"${PODS_PODFILE_DIR_PATH}/Podfile.lock\" \"${PODS_ROOT}/Manifest.lock\" > /dev/null\nif [ $? != 0 ] ; then\n    # print error to STDERR\n    echo \"error: The sandbox is not in sync with the Podfile.lock. Run 'pod install' or update your CocoaPods installation.\" >&2\n    exit 1\nfi\n# This output is used by Xcode 'outputs' to avoid re-running this script phase.\necho \"SUCCESS\" > \"${SCRIPT_OUTPUT_FILE_0}\"\n";
			showEnvVarsInLog = 0;
		};
		FCC6EE746754B77DF57B6D1E /* [CP] Embed Pods Frameworks */ = {
			isa = PBXShellScriptBuildPhase;
			buildActionMask = 2147483647;
			files = (
			);
			inputFileListPaths = (
				"${PODS_ROOT}/Target Support Files/Pods-MindBoost_App-MindBoost_AppUITests/Pods-MindBoost_App-MindBoost_AppUITests-frameworks-${CONFIGURATION}-input-files.xcfilelist",
			);
			name = "[CP] Embed Pods Frameworks";
			outputFileListPaths = (
				"${PODS_ROOT}/Target Support Files/Pods-MindBoost_App-MindBoost_AppUITests/Pods-MindBoost_App-MindBoost_AppUITests-frameworks-${CONFIGURATION}-output-files.xcfilelist",
			);
			runOnlyForDeploymentPostprocessing = 0;
			shellPath = /bin/sh;
			shellScript = "\"${PODS_ROOT}/Target Support Files/Pods-MindBoost_App-MindBoost_AppUITests/Pods-MindBoost_App-MindBoost_AppUITests-frameworks.sh\"\n";
			showEnvVarsInLog = 0;
		};
/* End PBXShellScriptBuildPhase section */

/* Begin PBXSourcesBuildPhase section */
		5C69B8FB2C5D3A4800E52DE4 /* Sources */ = {
			isa = PBXSourcesBuildPhase;
			buildActionMask = 2147483647;
			files = (
				5C69B9052C5D3A4800E52DE4 /* ContentView.swift in Sources */,
				5C69B9032C5D3A4800E52DE4 /* MindBoost_AppApp.swift in Sources */,
				5C69B92E2C5D3E0900E52DE4 /* DataManagerProtocol.swift in Sources */,
			);
			runOnlyForDeploymentPostprocessing = 0;
		};
		5C69B90C2C5D3A4900E52DE4 /* Sources */ = {
			isa = PBXSourcesBuildPhase;
			buildActionMask = 2147483647;
			files = (
				5C69B9152C5D3A4900E52DE4 /* MindBoost_AppTests.swift in Sources */,
			);
			runOnlyForDeploymentPostprocessing = 0;
		};
		5C69B9162C5D3A4900E52DE4 /* Sources */ = {
			isa = PBXSourcesBuildPhase;
			buildActionMask = 2147483647;
			files = (
				5C69B9212C5D3A4900E52DE4 /* MindBoost_AppUITestsLaunchTests.swift in Sources */,
				5C69B91F2C5D3A4900E52DE4 /* MindBoost_AppUITests.swift in Sources */,
			);
			runOnlyForDeploymentPostprocessing = 0;
		};
/* End PBXSourcesBuildPhase section */

/* Begin PBXTargetDependency section */
		5C69B9122C5D3A4900E52DE4 /* PBXTargetDependency */ = {
			isa = PBXTargetDependency;
			target = 5C69B8FE2C5D3A4800E52DE4 /* MindBoost_App */;
			targetProxy = 5C69B9112C5D3A4900E52DE4 /* PBXContainerItemProxy */;
		};
		5C69B91C2C5D3A4900E52DE4 /* PBXTargetDependency */ = {
			isa = PBXTargetDependency;
			target = 5C69B8FE2C5D3A4800E52DE4 /* MindBoost_App */;
			targetProxy = 5C69B91B2C5D3A4900E52DE4 /* PBXContainerItemProxy */;
		};
/* End PBXTargetDependency section */

/* Begin XCBuildConfiguration section */
		5C69B9222C5D3A4900E52DE4 /* Debug */ = {
			isa = XCBuildConfiguration;
			buildSettings = {
				ALWAYS_SEARCH_USER_PATHS = NO;
				ASSETCATALOG_COMPILER_GENERATE_SWIFT_ASSET_SYMBOL_EXTENSIONS = YES;
				CLANG_ANALYZER_NONNULL = YES;
				CLANG_ANALYZER_NUMBER_OBJECT_CONVERSION = YES_AGGRESSIVE;
				CLANG_CXX_LANGUAGE_STANDARD = "gnu++20";
				CLANG_ENABLE_MODULES = YES;
				CLANG_ENABLE_OBJC_ARC = YES;
				CLANG_ENABLE_OBJC_WEAK = YES;
				CLANG_WARN_BLOCK_CAPTURE_AUTORELEASING = YES;
				CLANG_WARN_BOOL_CONVERSION = YES;
				CLANG_WARN_COMMA = YES;
				CLANG_WARN_CONSTANT_CONVERSION = YES;
				CLANG_WARN_DEPRECATED_OBJC_IMPLEMENTATIONS = YES;
				CLANG_WARN_DIRECT_OBJC_ISA_USAGE = YES_ERROR;
				CLANG_WARN_DOCUMENTATION_COMMENTS = YES;
				CLANG_WARN_EMPTY_BODY = YES;
				CLANG_WARN_ENUM_CONVERSION = YES;
				CLANG_WARN_INFINITE_RECURSION = YES;
				CLANG_WARN_INT_CONVERSION = YES;
				CLANG_WARN_NON_LITERAL_NULL_CONVERSION = YES;
				CLANG_WARN_OBJC_IMPLICIT_RETAIN_SELF = YES;
				CLANG_WARN_OBJC_LITERAL_CONVERSION = YES;
				CLANG_WARN_OBJC_ROOT_CLASS = YES_ERROR;
				CLANG_WARN_QUOTED_INCLUDE_IN_FRAMEWORK_HEADER = YES;
				CLANG_WARN_RANGE_LOOP_ANALYSIS = YES;
				CLANG_WARN_STRICT_PROTOTYPES = YES;
				CLANG_WARN_SUSPICIOUS_MOVE = YES;
				CLANG_WARN_UNGUARDED_AVAILABILITY = YES_AGGRESSIVE;
				CLANG_WARN_UNREACHABLE_CODE = YES;
				CLANG_WARN__DUPLICATE_METHOD_MATCH = YES;
				COPY_PHASE_STRIP = NO;
				DEAD_CODE_STRIPPING = YES;
				DEBUG_INFORMATION_FORMAT = dwarf;
				ENABLE_STRICT_OBJC_MSGSEND = YES;
				ENABLE_TESTABILITY = YES;
				ENABLE_USER_SCRIPT_SANDBOXING = NO;
				GCC_C_LANGUAGE_STANDARD = gnu17;
				GCC_DYNAMIC_NO_PIC = NO;
				GCC_NO_COMMON_BLOCKS = YES;
				GCC_OPTIMIZATION_LEVEL = 0;
				GCC_PREPROCESSOR_DEFINITIONS = (
					"DEBUG=1",
					"$(inherited)",
				);
				GCC_WARN_64_TO_32_BIT_CONVERSION = YES;
				GCC_WARN_ABOUT_RETURN_TYPE = YES_ERROR;
				GCC_WARN_UNDECLARED_SELECTOR = YES;
				GCC_WARN_UNINITIALIZED_AUTOS = YES_AGGRESSIVE;
				GCC_WARN_UNUSED_FUNCTION = YES;
				GCC_WARN_UNUSED_VARIABLE = YES;
				LOCALIZATION_PREFERS_STRING_CATALOGS = YES;
				MTL_ENABLE_DEBUG_INFO = INCLUDE_SOURCE;
				MTL_FAST_MATH = YES;
				ONLY_ACTIVE_ARCH = YES;
				SWIFT_ACTIVE_COMPILATION_CONDITIONS = "DEBUG $(inherited)";
				SWIFT_OPTIMIZATION_LEVEL = "-Onone";
			};
			name = Debug;
		};
		5C69B9232C5D3A4900E52DE4 /* Release */ = {
			isa = XCBuildConfiguration;
			buildSettings = {
				ALWAYS_SEARCH_USER_PATHS = NO;
				ASSETCATALOG_COMPILER_GENERATE_SWIFT_ASSET_SYMBOL_EXTENSIONS = YES;
				CLANG_ANALYZER_NONNULL = YES;
				CLANG_ANALYZER_NUMBER_OBJECT_CONVERSION = YES_AGGRESSIVE;
				CLANG_CXX_LANGUAGE_STANDARD = "gnu++20";
				CLANG_ENABLE_MODULES = YES;
				CLANG_ENABLE_OBJC_ARC = YES;
				CLANG_ENABLE_OBJC_WEAK = YES;
				CLANG_WARN_BLOCK_CAPTURE_AUTORELEASING = YES;
				CLANG_WARN_BOOL_CONVERSION = YES;
				CLANG_WARN_COMMA = YES;
				CLANG_WARN_CONSTANT_CONVERSION = YES;
				CLANG_WARN_DEPRECATED_OBJC_IMPLEMENTATIONS = YES;
				CLANG_WARN_DIRECT_OBJC_ISA_USAGE = YES_ERROR;
				CLANG_WARN_DOCUMENTATION_COMMENTS = YES;
				CLANG_WARN_EMPTY_BODY = YES;
				CLANG_WARN_ENUM_CONVERSION = YES;
				CLANG_WARN_INFINITE_RECURSION = YES;
				CLANG_WARN_INT_CONVERSION = YES;
				CLANG_WARN_NON_LITERAL_NULL_CONVERSION = YES;
				CLANG_WARN_OBJC_IMPLICIT_RETAIN_SELF = YES;
				CLANG_WARN_OBJC_LITERAL_CONVERSION = YES;
				CLANG_WARN_OBJC_ROOT_CLASS = YES_ERROR;
				CLANG_WARN_QUOTED_INCLUDE_IN_FRAMEWORK_HEADER = YES;
				CLANG_WARN_RANGE_LOOP_ANALYSIS = YES;
				CLANG_WARN_STRICT_PROTOTYPES = YES;
				CLANG_WARN_SUSPICIOUS_MOVE = YES;
				CLANG_WARN_UNGUARDED_AVAILABILITY = YES_AGGRESSIVE;
				CLANG_WARN_UNREACHABLE_CODE = YES;
				CLANG_WARN__DUPLICATE_METHOD_MATCH = YES;
				COPY_PHASE_STRIP = NO;
				DEAD_CODE_STRIPPING = YES;
				DEBUG_INFORMATION_FORMAT = "dwarf-with-dsym";
				ENABLE_NS_ASSERTIONS = NO;
				ENABLE_STRICT_OBJC_MSGSEND = YES;
				ENABLE_USER_SCRIPT_SANDBOXING = NO;
				GCC_C_LANGUAGE_STANDARD = gnu17;
				GCC_NO_COMMON_BLOCKS = YES;
				GCC_WARN_64_TO_32_BIT_CONVERSION = YES;
				GCC_WARN_ABOUT_RETURN_TYPE = YES_ERROR;
				GCC_WARN_UNDECLARED_SELECTOR = YES;
				GCC_WARN_UNINITIALIZED_AUTOS = YES_AGGRESSIVE;
				GCC_WARN_UNUSED_FUNCTION = YES;
				GCC_WARN_UNUSED_VARIABLE = YES;
				LOCALIZATION_PREFERS_STRING_CATALOGS = YES;
				MTL_ENABLE_DEBUG_INFO = NO;
				MTL_FAST_MATH = YES;
				SWIFT_COMPILATION_MODE = wholemodule;
			};
			name = Release;
		};
		5C69B9252C5D3A4900E52DE4 /* Debug */ = {
			isa = XCBuildConfiguration;
			baseConfigurationReference = 72F8E205100DCB2B580E94C4 /* Pods-MindBoost_App.debug.xcconfig */;
			buildSettings = {
				ASSETCATALOG_COMPILER_APPICON_NAME = AppIcon;
				ASSETCATALOG_COMPILER_GLOBAL_ACCENT_COLOR_NAME = AccentColor;
				CODE_SIGN_ENTITLEMENTS = MindBoost_App/MindBoost_App.entitlements;
				CODE_SIGN_STYLE = Automatic;
				CURRENT_PROJECT_VERSION = 1;
				DEAD_CODE_STRIPPING = YES;
				DEVELOPMENT_ASSET_PATHS = "\"MindBoost_App/Preview Content\"";
				DEVELOPMENT_TEAM = LFLMJ46Z7V;
				ENABLE_HARDENED_RUNTIME = YES;
				ENABLE_PREVIEWS = NO;
				GENERATE_INFOPLIST_FILE = YES;
				"INFOPLIST_KEY_UIApplicationSceneManifest_Generation[sdk=iphoneos*]" = YES;
				"INFOPLIST_KEY_UIApplicationSceneManifest_Generation[sdk=iphonesimulator*]" = YES;
				"INFOPLIST_KEY_UIApplicationSupportsIndirectInputEvents[sdk=iphoneos*]" = YES;
				"INFOPLIST_KEY_UIApplicationSupportsIndirectInputEvents[sdk=iphonesimulator*]" = YES;
				"INFOPLIST_KEY_UILaunchScreen_Generation[sdk=iphoneos*]" = YES;
				"INFOPLIST_KEY_UILaunchScreen_Generation[sdk=iphonesimulator*]" = YES;
				"INFOPLIST_KEY_UIStatusBarStyle[sdk=iphoneos*]" = UIStatusBarStyleDefault;
				"INFOPLIST_KEY_UIStatusBarStyle[sdk=iphonesimulator*]" = UIStatusBarStyleDefault;
				INFOPLIST_KEY_UISupportedInterfaceOrientations_iPad = "UIInterfaceOrientationPortrait UIInterfaceOrientationPortraitUpsideDown UIInterfaceOrientationLandscapeLeft UIInterfaceOrientationLandscapeRight";
				INFOPLIST_KEY_UISupportedInterfaceOrientations_iPhone = "UIInterfaceOrientationPortrait UIInterfaceOrientationLandscapeLeft UIInterfaceOrientationLandscapeRight";
				IPHONEOS_DEPLOYMENT_TARGET = 17.5;
				LD_RUNPATH_SEARCH_PATHS = "@executable_path/Frameworks";
				"LD_RUNPATH_SEARCH_PATHS[sdk=macosx*]" = "@executable_path/../Frameworks";
				MACOSX_DEPLOYMENT_TARGET = 14.5;
				MARKETING_VERSION = 1.0;
				PRODUCT_BUNDLE_IDENTIFIER = "alex.team.Solid.MindBoost-App";
				PRODUCT_NAME = "$(TARGET_NAME)";
				SDKROOT = auto;
				SUPPORTED_PLATFORMS = "iphoneos iphonesimulator macosx";
				SWIFT_EMIT_LOC_STRINGS = YES;
				SWIFT_VERSION = 5.0;
				TARGETED_DEVICE_FAMILY = "1,2";
			};
			name = Debug;
		};
		5C69B9262C5D3A4900E52DE4 /* Release */ = {
			isa = XCBuildConfiguration;
			baseConfigurationReference = D427CA0B6473699AFC3FD3C5 /* Pods-MindBoost_App.release.xcconfig */;
			buildSettings = {
				ASSETCATALOG_COMPILER_APPICON_NAME = AppIcon;
				ASSETCATALOG_COMPILER_GLOBAL_ACCENT_COLOR_NAME = AccentColor;
				CODE_SIGN_ENTITLEMENTS = MindBoost_App/MindBoost_App.entitlements;
				CODE_SIGN_STYLE = Automatic;
				CURRENT_PROJECT_VERSION = 1;
				DEAD_CODE_STRIPPING = YES;
				DEVELOPMENT_ASSET_PATHS = "\"MindBoost_App/Preview Content\"";
				DEVELOPMENT_TEAM = LFLMJ46Z7V;
				ENABLE_HARDENED_RUNTIME = YES;
				ENABLE_PREVIEWS = NO;
				GENERATE_INFOPLIST_FILE = YES;
				"INFOPLIST_KEY_UIApplicationSceneManifest_Generation[sdk=iphoneos*]" = YES;
				"INFOPLIST_KEY_UIApplicationSceneManifest_Generation[sdk=iphonesimulator*]" = YES;
				"INFOPLIST_KEY_UIApplicationSupportsIndirectInputEvents[sdk=iphoneos*]" = YES;
				"INFOPLIST_KEY_UIApplicationSupportsIndirectInputEvents[sdk=iphonesimulator*]" = YES;
				"INFOPLIST_KEY_UILaunchScreen_Generation[sdk=iphoneos*]" = YES;
				"INFOPLIST_KEY_UILaunchScreen_Generation[sdk=iphonesimulator*]" = YES;
				"INFOPLIST_KEY_UIStatusBarStyle[sdk=iphoneos*]" = UIStatusBarStyleDefault;
				"INFOPLIST_KEY_UIStatusBarStyle[sdk=iphonesimulator*]" = UIStatusBarStyleDefault;
				INFOPLIST_KEY_UISupportedInterfaceOrientations_iPad = "UIInterfaceOrientationPortrait UIInterfaceOrientationPortraitUpsideDown UIInterfaceOrientationLandscapeLeft UIInterfaceOrientationLandscapeRight";
				INFOPLIST_KEY_UISupportedInterfaceOrientations_iPhone = "UIInterfaceOrientationPortrait UIInterfaceOrientationLandscapeLeft UIInterfaceOrientationLandscapeRight";
				IPHONEOS_DEPLOYMENT_TARGET = 17.5;
				LD_RUNPATH_SEARCH_PATHS = "@executable_path/Frameworks";
				"LD_RUNPATH_SEARCH_PATHS[sdk=macosx*]" = "@executable_path/../Frameworks";
				MACOSX_DEPLOYMENT_TARGET = 14.5;
				MARKETING_VERSION = 1.0;
				PRODUCT_BUNDLE_IDENTIFIER = "alex.team.Solid.MindBoost-App";
				PRODUCT_NAME = "$(TARGET_NAME)";
				SDKROOT = auto;
				SUPPORTED_PLATFORMS = "iphoneos iphonesimulator macosx";
				SWIFT_EMIT_LOC_STRINGS = YES;
				SWIFT_VERSION = 5.0;
				TARGETED_DEVICE_FAMILY = "1,2";
			};
			name = Release;
		};
		5C69B9282C5D3A4900E52DE4 /* Debug */ = {
			isa = XCBuildConfiguration;
			baseConfigurationReference = AC0D4646D9C459FB6C626BC5 /* Pods-MindBoost_AppTests.debug.xcconfig */;
			buildSettings = {
				ALWAYS_EMBED_SWIFT_STANDARD_LIBRARIES = YES;
				BUNDLE_LOADER = "$(TEST_HOST)";
				CODE_SIGN_STYLE = Automatic;
				CURRENT_PROJECT_VERSION = 1;
				DEAD_CODE_STRIPPING = YES;
				DEVELOPMENT_TEAM = LFLMJ46Z7V;
				GENERATE_INFOPLIST_FILE = YES;
				IPHONEOS_DEPLOYMENT_TARGET = 17.5;
				MACOSX_DEPLOYMENT_TARGET = 14.5;
				MARKETING_VERSION = 1.0;
				PRODUCT_BUNDLE_IDENTIFIER = "alex.team.Solid.MindBoost-AppTests";
				PRODUCT_NAME = "$(TARGET_NAME)";
				SDKROOT = auto;
				SUPPORTED_PLATFORMS = "iphoneos iphonesimulator macosx";
				SWIFT_EMIT_LOC_STRINGS = NO;
				SWIFT_VERSION = 5.0;
				TARGETED_DEVICE_FAMILY = "1,2";
				TEST_HOST = "$(BUILT_PRODUCTS_DIR)/MindBoost_App.app/$(BUNDLE_EXECUTABLE_FOLDER_PATH)/MindBoost_App";
			};
			name = Debug;
		};
		5C69B9292C5D3A4900E52DE4 /* Release */ = {
			isa = XCBuildConfiguration;
			baseConfigurationReference = D1691844AA309654111C3308 /* Pods-MindBoost_AppTests.release.xcconfig */;
			buildSettings = {
				ALWAYS_EMBED_SWIFT_STANDARD_LIBRARIES = YES;
				BUNDLE_LOADER = "$(TEST_HOST)";
				CODE_SIGN_STYLE = Automatic;
				CURRENT_PROJECT_VERSION = 1;
				DEAD_CODE_STRIPPING = YES;
				DEVELOPMENT_TEAM = LFLMJ46Z7V;
				GENERATE_INFOPLIST_FILE = YES;
				IPHONEOS_DEPLOYMENT_TARGET = 17.5;
				MACOSX_DEPLOYMENT_TARGET = 14.5;
				MARKETING_VERSION = 1.0;
				PRODUCT_BUNDLE_IDENTIFIER = "alex.team.Solid.MindBoost-AppTests";
				PRODUCT_NAME = "$(TARGET_NAME)";
				SDKROOT = auto;
				SUPPORTED_PLATFORMS = "iphoneos iphonesimulator macosx";
				SWIFT_EMIT_LOC_STRINGS = NO;
				SWIFT_VERSION = 5.0;
				TARGETED_DEVICE_FAMILY = "1,2";
				TEST_HOST = "$(BUILT_PRODUCTS_DIR)/MindBoost_App.app/$(BUNDLE_EXECUTABLE_FOLDER_PATH)/MindBoost_App";
			};
			name = Release;
		};
		5C69B92B2C5D3A4900E52DE4 /* Debug */ = {
			isa = XCBuildConfiguration;
			baseConfigurationReference = 0593B016BE7AFE9B4533A85F /* Pods-MindBoost_App-MindBoost_AppUITests.debug.xcconfig */;
			buildSettings = {
				ALWAYS_EMBED_SWIFT_STANDARD_LIBRARIES = YES;
				CODE_SIGN_STYLE = Automatic;
				CURRENT_PROJECT_VERSION = 1;
				DEAD_CODE_STRIPPING = YES;
				DEVELOPMENT_TEAM = LFLMJ46Z7V;
				GENERATE_INFOPLIST_FILE = YES;
				IPHONEOS_DEPLOYMENT_TARGET = 17.5;
				MACOSX_DEPLOYMENT_TARGET = 14.5;
				MARKETING_VERSION = 1.0;
				PRODUCT_BUNDLE_IDENTIFIER = "alex.team.Solid.MindBoost-AppUITests";
				PRODUCT_NAME = "$(TARGET_NAME)";
				SDKROOT = auto;
				SUPPORTED_PLATFORMS = "iphoneos iphonesimulator macosx";
				SWIFT_EMIT_LOC_STRINGS = NO;
				SWIFT_VERSION = 5.0;
				TARGETED_DEVICE_FAMILY = "1,2";
				TEST_TARGET_NAME = MindBoost_App;
			};
			name = Debug;
		};
		5C69B92C2C5D3A4900E52DE4 /* Release */ = {
			isa = XCBuildConfiguration;
			baseConfigurationReference = 46B06AD4F9F0AECA0A662B23 /* Pods-MindBoost_App-MindBoost_AppUITests.release.xcconfig */;
			buildSettings = {
				ALWAYS_EMBED_SWIFT_STANDARD_LIBRARIES = YES;
				CODE_SIGN_STYLE = Automatic;
				CURRENT_PROJECT_VERSION = 1;
				DEAD_CODE_STRIPPING = YES;
				DEVELOPMENT_TEAM = LFLMJ46Z7V;
				GENERATE_INFOPLIST_FILE = YES;
				IPHONEOS_DEPLOYMENT_TARGET = 17.5;
				MACOSX_DEPLOYMENT_TARGET = 14.5;
				MARKETING_VERSION = 1.0;
				PRODUCT_BUNDLE_IDENTIFIER = "alex.team.Solid.MindBoost-AppUITests";
				PRODUCT_NAME = "$(TARGET_NAME)";
				SDKROOT = auto;
				SUPPORTED_PLATFORMS = "iphoneos iphonesimulator macosx";
				SWIFT_EMIT_LOC_STRINGS = NO;
				SWIFT_VERSION = 5.0;
				TARGETED_DEVICE_FAMILY = "1,2";
				TEST_TARGET_NAME = MindBoost_App;
			};
			name = Release;
		};
/* End XCBuildConfiguration section */

/* Begin XCConfigurationList section */
		5C69B8FA2C5D3A4800E52DE4 /* Build configuration list for PBXProject "MindBoost_App" */ = {
			isa = XCConfigurationList;
			buildConfigurations = (
				5C69B9222C5D3A4900E52DE4 /* Debug */,
				5C69B9232C5D3A4900E52DE4 /* Release */,
			);
			defaultConfigurationIsVisible = 0;
			defaultConfigurationName = Release;
		};
		5C69B9242C5D3A4900E52DE4 /* Build configuration list for PBXNativeTarget "MindBoost_App" */ = {
			isa = XCConfigurationList;
			buildConfigurations = (
				5C69B9252C5D3A4900E52DE4 /* Debug */,
				5C69B9262C5D3A4900E52DE4 /* Release */,
			);
			defaultConfigurationIsVisible = 0;
			defaultConfigurationName = Release;
		};
		5C69B9272C5D3A4900E52DE4 /* Build configuration list for PBXNativeTarget "MindBoost_AppTests" */ = {
			isa = XCConfigurationList;
			buildConfigurations = (
				5C69B9282C5D3A4900E52DE4 /* Debug */,
				5C69B9292C5D3A4900E52DE4 /* Release */,
			);
			defaultConfigurationIsVisible = 0;
			defaultConfigurationName = Release;
		};
		5C69B92A2C5D3A4900E52DE4 /* Build configuration list for PBXNativeTarget "MindBoost_AppUITests" */ = {
			isa = XCConfigurationList;
			buildConfigurations = (
				5C69B92B2C5D3A4900E52DE4 /* Debug */,
				5C69B92C2C5D3A4900E52DE4 /* Release */,
			);
			defaultConfigurationIsVisible = 0;
			defaultConfigurationName = Release;
		};
/* End XCConfigurationList section */
	};
	rootObject = 5C69B8F72C5D3A4800E52DE4 /* Project object */;
}
